// !$*UTF8*$!
{
	archiveVersion = 1;
	classes = {
	};
	objectVersion = 46;
	objects = {

/* Begin PBXBuildFile section */
		CB0B9AA71988431600A31743 /* Foundation.framework in Frameworks */ = {isa = PBXBuildFile; fileRef = CB0B9AA61988431600A31743 /* Foundation.framework */; };
		CB0B9AA91988431600A31743 /* CoreGraphics.framework in Frameworks */ = {isa = PBXBuildFile; fileRef = CB0B9AA81988431600A31743 /* CoreGraphics.framework */; };
		CB0B9AAB1988431600A31743 /* UIKit.framework in Frameworks */ = {isa = PBXBuildFile; fileRef = CB0B9AAA1988431600A31743 /* UIKit.framework */; };
		CB0B9AB11988431600A31743 /* InfoPlist.strings in Resources */ = {isa = PBXBuildFile; fileRef = CB0B9AAF1988431600A31743 /* InfoPlist.strings */; };
		CB0B9AB31988431600A31743 /* main.m in Sources */ = {isa = PBXBuildFile; fileRef = CB0B9AB21988431600A31743 /* main.m */; };
		CB0B9AB71988431600A31743 /* DHAppDelegate.m in Sources */ = {isa = PBXBuildFile; fileRef = CB0B9AB61988431600A31743 /* DHAppDelegate.m */; };
		CB0B9ABF1988431600A31743 /* Images.xcassets in Resources */ = {isa = PBXBuildFile; fileRef = CB0B9ABE1988431600A31743 /* Images.xcassets */; };
		CB0B9AC61988431600A31743 /* XCTest.framework in Frameworks */ = {isa = PBXBuildFile; fileRef = CB0B9AC51988431600A31743 /* XCTest.framework */; };
		CB0B9AC71988431600A31743 /* Foundation.framework in Frameworks */ = {isa = PBXBuildFile; fileRef = CB0B9AA61988431600A31743 /* Foundation.framework */; };
		CB0B9AC81988431600A31743 /* UIKit.framework in Frameworks */ = {isa = PBXBuildFile; fileRef = CB0B9AAA1988431600A31743 /* UIKit.framework */; };
		CB0B9AD01988431600A31743 /* InfoPlist.strings in Resources */ = {isa = PBXBuildFile; fileRef = CB0B9ACE1988431600A31743 /* InfoPlist.strings */; };
		CB0B9AD21988431600A31743 /* DHImageSliderViewTests.m in Sources */ = {isa = PBXBuildFile; fileRef = CB0B9AD11988431600A31743 /* DHImageSliderViewTests.m */; };
		CB0B9ADD1988435900A31743 /* DHMainSliderStoryboard.storyboard in Resources */ = {isa = PBXBuildFile; fileRef = CB0B9ADC1988435900A31743 /* DHMainSliderStoryboard.storyboard */; };
		CB0B9AE1198843ED00A31743 /* DHPrimaryImageSliderViewController.m in Sources */ = {isa = PBXBuildFile; fileRef = CB0B9AE0198843ED00A31743 /* DHPrimaryImageSliderViewController.m */; };
		CB0B9AE51988457900A31743 /* ncImageSliderScrollView.m in Sources */ = {isa = PBXBuildFile; fileRef = CB0B9AE41988457900A31743 /* ncImageSliderScrollView.m */; };
		CB0B9AF1198845D700A31743 /* img_main_1.png in Resources */ = {isa = PBXBuildFile; fileRef = CB0B9AE9198845D700A31743 /* img_main_1.png */; };
		CB0B9AF2198845D700A31743 /* img_main_2.png in Resources */ = {isa = PBXBuildFile; fileRef = CB0B9AEA198845D700A31743 /* img_main_2.png */; };
		CB0B9AF3198845D700A31743 /* img_main_3.png in Resources */ = {isa = PBXBuildFile; fileRef = CB0B9AEB198845D700A31743 /* img_main_3.png */; };
		CB0B9AF4198845D700A31743 /* img_main_4.png in Resources */ = {isa = PBXBuildFile; fileRef = CB0B9AEC198845D700A31743 /* img_main_4.png */; };
		CB0B9AF5198845D700A31743 /* img_main_5.png in Resources */ = {isa = PBXBuildFile; fileRef = CB0B9AED198845D700A31743 /* img_main_5.png */; };
		CB0B9AF6198845D700A31743 /* img_main_6.png in Resources */ = {isa = PBXBuildFile; fileRef = CB0B9AEE198845D700A31743 /* img_main_6.png */; };
		CB0B9AF7198845D700A31743 /* img_main_7.png in Resources */ = {isa = PBXBuildFile; fileRef = CB0B9AEF198845D700A31743 /* img_main_7.png */; };
		CB0B9AF8198845D700A31743 /* img_main_8.png in Resources */ = {isa = PBXBuildFile; fileRef = CB0B9AF0198845D700A31743 /* img_main_8.png */; };
		CB0B9AFB1988462800A31743 /* btn_caret_white_left_horizontal.png in Resources */ = {isa = PBXBuildFile; fileRef = CB0B9AF91988462800A31743 /* btn_caret_white_left_horizontal.png */; };
		CB0B9AFC1988462800A31743 /* btn_caret_white_right_horizontal.png in Resources */ = {isa = PBXBuildFile; fileRef = CB0B9AFA1988462800A31743 /* btn_caret_white_right_horizontal.png */; };
		CB0B9AFF1988A08900A31743 /* gray_page_indicator.png in Resources */ = {isa = PBXBuildFile; fileRef = CB0B9AFD1988A08900A31743 /* gray_page_indicator.png */; };
		CB0B9B001988A08900A31743 /* orange_page_indicator.png in Resources */ = {isa = PBXBuildFile; fileRef = CB0B9AFE1988A08900A31743 /* orange_page_indicator.png */; };
		CB0B9B03198930A800A31743 /* btn_caret_white_top_vertical.png in Resources */ = {isa = PBXBuildFile; fileRef = CB0B9B01198930A800A31743 /* btn_caret_white_top_vertical.png */; };
		CB0B9B04198930A800A31743 /* btn_caret_white_bottom_vertical.png in Resources */ = {isa = PBXBuildFile; fileRef = CB0B9B02198930A800A31743 /* btn_caret_white_bottom_vertical.png */; };
/* End PBXBuildFile section */

/* Begin PBXContainerItemProxy section */
		CB0B9AC91988431600A31743 /* PBXContainerItemProxy */ = {
			isa = PBXContainerItemProxy;
			containerPortal = CB0B9A9B1988431600A31743 /* Project object */;
			proxyType = 1;
			remoteGlobalIDString = CB0B9AA21988431600A31743;
			remoteInfo = DHImageSliderView;
		};
/* End PBXContainerItemProxy section */

/* Begin PBXFileReference section */
		CB0B9AA31988431600A31743 /* DHImageSliderView.app */ = {isa = PBXFileReference; explicitFileType = wrapper.application; includeInIndex = 0; path = DHImageSliderView.app; sourceTree = BUILT_PRODUCTS_DIR; };
		CB0B9AA61988431600A31743 /* Foundation.framework */ = {isa = PBXFileReference; lastKnownFileType = wrapper.framework; name = Foundation.framework; path = System/Library/Frameworks/Foundation.framework; sourceTree = SDKROOT; };
		CB0B9AA81988431600A31743 /* CoreGraphics.framework */ = {isa = PBXFileReference; lastKnownFileType = wrapper.framework; name = CoreGraphics.framework; path = System/Library/Frameworks/CoreGraphics.framework; sourceTree = SDKROOT; };
		CB0B9AAA1988431600A31743 /* UIKit.framework */ = {isa = PBXFileReference; lastKnownFileType = wrapper.framework; name = UIKit.framework; path = System/Library/Frameworks/UIKit.framework; sourceTree = SDKROOT; };
		CB0B9AAE1988431600A31743 /* DHImageSliderView-Info.plist */ = {isa = PBXFileReference; lastKnownFileType = text.plist.xml; path = "DHImageSliderView-Info.plist"; sourceTree = "<group>"; };
		CB0B9AB01988431600A31743 /* en */ = {isa = PBXFileReference; lastKnownFileType = text.plist.strings; name = en; path = en.lproj/InfoPlist.strings; sourceTree = "<group>"; };
		CB0B9AB21988431600A31743 /* main.m */ = {isa = PBXFileReference; lastKnownFileType = sourcecode.c.objc; path = main.m; sourceTree = "<group>"; };
		CB0B9AB41988431600A31743 /* DHImageSliderView-Prefix.pch */ = {isa = PBXFileReference; lastKnownFileType = sourcecode.c.h; path = "DHImageSliderView-Prefix.pch"; sourceTree = "<group>"; };
		CB0B9AB51988431600A31743 /* DHAppDelegate.h */ = {isa = PBXFileReference; lastKnownFileType = sourcecode.c.h; path = DHAppDelegate.h; sourceTree = "<group>"; };
		CB0B9AB61988431600A31743 /* DHAppDelegate.m */ = {isa = PBXFileReference; lastKnownFileType = sourcecode.c.objc; path = DHAppDelegate.m; sourceTree = "<group>"; };
		CB0B9ABE1988431600A31743 /* Images.xcassets */ = {isa = PBXFileReference; lastKnownFileType = folder.assetcatalog; path = Images.xcassets; sourceTree = "<group>"; };
		CB0B9AC41988431600A31743 /* DHImageSliderViewTests.xctest */ = {isa = PBXFileReference; explicitFileType = wrapper.cfbundle; includeInIndex = 0; path = DHImageSliderViewTests.xctest; sourceTree = BUILT_PRODUCTS_DIR; };
		CB0B9AC51988431600A31743 /* XCTest.framework */ = {isa = PBXFileReference; lastKnownFileType = wrapper.framework; name = XCTest.framework; path = Library/Frameworks/XCTest.framework; sourceTree = DEVELOPER_DIR; };
		CB0B9ACD1988431600A31743 /* DHImageSliderViewTests-Info.plist */ = {isa = PBXFileReference; lastKnownFileType = text.plist.xml; path = "DHImageSliderViewTests-Info.plist"; sourceTree = "<group>"; };
		CB0B9ACF1988431600A31743 /* en */ = {isa = PBXFileReference; lastKnownFileType = text.plist.strings; name = en; path = en.lproj/InfoPlist.strings; sourceTree = "<group>"; };
		CB0B9AD11988431600A31743 /* DHImageSliderViewTests.m */ = {isa = PBXFileReference; lastKnownFileType = sourcecode.c.objc; path = DHImageSliderViewTests.m; sourceTree = "<group>"; };
		CB0B9ADC1988435900A31743 /* DHMainSliderStoryboard.storyboard */ = {isa = PBXFileReference; fileEncoding = 4; lastKnownFileType = file.storyboard; path = DHMainSliderStoryboard.storyboard; sourceTree = "<group>"; };
		CB0B9ADF198843ED00A31743 /* DHPrimaryImageSliderViewController.h */ = {isa = PBXFileReference; fileEncoding = 4; lastKnownFileType = sourcecode.c.h; path = DHPrimaryImageSliderViewController.h; sourceTree = "<group>"; };
		CB0B9AE0198843ED00A31743 /* DHPrimaryImageSliderViewController.m */ = {isa = PBXFileReference; fileEncoding = 4; lastKnownFileType = sourcecode.c.objc; path = DHPrimaryImageSliderViewController.m; sourceTree = "<group>"; };
		CB0B9AE31988457900A31743 /* ncImageSliderScrollView.h */ = {isa = PBXFileReference; fileEncoding = 4; lastKnownFileType = sourcecode.c.h; name = ncImageSliderScrollView.h; path = ../ncImageSliderScrollView.h; sourceTree = "<group>"; };
		CB0B9AE41988457900A31743 /* ncImageSliderScrollView.m */ = {isa = PBXFileReference; fileEncoding = 4; lastKnownFileType = sourcecode.c.objc; name = ncImageSliderScrollView.m; path = ../ncImageSliderScrollView.m; sourceTree = "<group>"; };
		CB0B9AE9198845D700A31743 /* img_main_1.png */ = {isa = PBXFileReference; lastKnownFileType = image.png; path = img_main_1.png; sourceTree = "<group>"; };
		CB0B9AEA198845D700A31743 /* img_main_2.png */ = {isa = PBXFileReference; lastKnownFileType = image.png; path = img_main_2.png; sourceTree = "<group>"; };
		CB0B9AEB198845D700A31743 /* img_main_3.png */ = {isa = PBXFileReference; lastKnownFileType = image.png; path = img_main_3.png; sourceTree = "<group>"; };
		CB0B9AEC198845D700A31743 /* img_main_4.png */ = {isa = PBXFileReference; lastKnownFileType = image.png; path = img_main_4.png; sourceTree = "<group>"; };
		CB0B9AED198845D700A31743 /* img_main_5.png */ = {isa = PBXFileReference; lastKnownFileType = image.png; path = img_main_5.png; sourceTree = "<group>"; };
		CB0B9AEE198845D700A31743 /* img_main_6.png */ = {isa = PBXFileReference; lastKnownFileType = image.png; path = img_main_6.png; sourceTree = "<group>"; };
		CB0B9AEF198845D700A31743 /* img_main_7.png */ = {isa = PBXFileReference; lastKnownFileType = image.png; path = img_main_7.png; sourceTree = "<group>"; };
		CB0B9AF0198845D700A31743 /* img_main_8.png */ = {isa = PBXFileReference; lastKnownFileType = image.png; path = img_main_8.png; sourceTree = "<group>"; };
		CB0B9AF91988462800A31743 /* btn_caret_white_left_horizontal.png */ = {isa = PBXFileReference; lastKnownFileType = image.png; path = btn_caret_white_left_horizontal.png; sourceTree = "<group>"; };
		CB0B9AFA1988462800A31743 /* btn_caret_white_right_horizontal.png */ = {isa = PBXFileReference; lastKnownFileType = image.png; path = btn_caret_white_right_horizontal.png; sourceTree = "<group>"; };
		CB0B9AFD1988A08900A31743 /* gray_page_indicator.png */ = {isa = PBXFileReference; lastKnownFileType = image.png; path = gray_page_indicator.png; sourceTree = "<group>"; };
		CB0B9AFE1988A08900A31743 /* orange_page_indicator.png */ = {isa = PBXFileReference; lastKnownFileType = image.png; path = orange_page_indicator.png; sourceTree = "<group>"; };
		CB0B9B01198930A800A31743 /* btn_caret_white_top_vertical.png */ = {isa = PBXFileReference; lastKnownFileType = image.png; path = btn_caret_white_top_vertical.png; sourceTree = "<group>"; };
		CB0B9B02198930A800A31743 /* btn_caret_white_bottom_vertical.png */ = {isa = PBXFileReference; lastKnownFileType = image.png; path = btn_caret_white_bottom_vertical.png; sourceTree = "<group>"; };
/* End PBXFileReference section */

/* Begin PBXFrameworksBuildPhase section */
		CB0B9AA01988431600A31743 /* Frameworks */ = {
			isa = PBXFrameworksBuildPhase;
			buildActionMask = 2147483647;
			files = (
				CB0B9AA91988431600A31743 /* CoreGraphics.framework in Frameworks */,
				CB0B9AAB1988431600A31743 /* UIKit.framework in Frameworks */,
				CB0B9AA71988431600A31743 /* Foundation.framework in Frameworks */,
			);
			runOnlyForDeploymentPostprocessing = 0;
		};
		CB0B9AC11988431600A31743 /* Frameworks */ = {
			isa = PBXFrameworksBuildPhase;
			buildActionMask = 2147483647;
			files = (
				CB0B9AC61988431600A31743 /* XCTest.framework in Frameworks */,
				CB0B9AC81988431600A31743 /* UIKit.framework in Frameworks */,
				CB0B9AC71988431600A31743 /* Foundation.framework in Frameworks */,
			);
			runOnlyForDeploymentPostprocessing = 0;
		};
/* End PBXFrameworksBuildPhase section */

/* Begin PBXGroup section */
		CB0B9A9A1988431600A31743 = {
			isa = PBXGroup;
			children = (
				CB0B9AE6198845B300A31743 /* Graphics */,
				CB0B9ADB1988433600A31743 /* UI Storyboard */,
				CB0B9AAC1988431600A31743 /* DHImageSliderView */,
				CB0B9ACB1988431600A31743 /* DHImageSliderViewTests */,
				CB0B9AA51988431600A31743 /* Frameworks */,
				CB0B9AA41988431600A31743 /* Products */,
			);
			sourceTree = "<group>";
		};
		CB0B9AA41988431600A31743 /* Products */ = {
			isa = PBXGroup;
			children = (
				CB0B9AA31988431600A31743 /* DHImageSliderView.app */,
				CB0B9AC41988431600A31743 /* DHImageSliderViewTests.xctest */,
			);
			name = Products;
			sourceTree = "<group>";
		};
		CB0B9AA51988431600A31743 /* Frameworks */ = {
			isa = PBXGroup;
			children = (
				CB0B9AA61988431600A31743 /* Foundation.framework */,
				CB0B9AA81988431600A31743 /* CoreGraphics.framework */,
				CB0B9AAA1988431600A31743 /* UIKit.framework */,
				CB0B9AC51988431600A31743 /* XCTest.framework */,
			);
			name = Frameworks;
			sourceTree = "<group>";
		};
		CB0B9AAC1988431600A31743 /* DHImageSliderView */ = {
			isa = PBXGroup;
			children = (
				CB0B9AE21988455900A31743 /* Custom Image Slider */,
				CB0B9ADE198843CC00A31743 /* Demo */,
				CB0B9AB51988431600A31743 /* DHAppDelegate.h */,
				CB0B9AB61988431600A31743 /* DHAppDelegate.m */,
				CB0B9ABE1988431600A31743 /* Images.xcassets */,
				CB0B9AAD1988431600A31743 /* Supporting Files */,
			);
			path = DHImageSliderView;
			sourceTree = "<group>";
		};
		CB0B9AAD1988431600A31743 /* Supporting Files */ = {
			isa = PBXGroup;
			children = (
				CB0B9AAE1988431600A31743 /* DHImageSliderView-Info.plist */,
				CB0B9AAF1988431600A31743 /* InfoPlist.strings */,
				CB0B9AB21988431600A31743 /* main.m */,
				CB0B9AB41988431600A31743 /* DHImageSliderView-Prefix.pch */,
			);
			name = "Supporting Files";
			sourceTree = "<group>";
		};
		CB0B9ACB1988431600A31743 /* DHImageSliderViewTests */ = {
			isa = PBXGroup;
			children = (
				CB0B9AD11988431600A31743 /* DHImageSliderViewTests.m */,
				CB0B9ACC1988431600A31743 /* Supporting Files */,
			);
			path = DHImageSliderViewTests;
			sourceTree = "<group>";
		};
		CB0B9ACC1988431600A31743 /* Supporting Files */ = {
			isa = PBXGroup;
			children = (
				CB0B9ACD1988431600A31743 /* DHImageSliderViewTests-Info.plist */,
				CB0B9ACE1988431600A31743 /* InfoPlist.strings */,
			);
			name = "Supporting Files";
			sourceTree = "<group>";
		};
		CB0B9ADB1988433600A31743 /* UI Storyboard */ = {
			isa = PBXGroup;
			children = (
				CB0B9ADC1988435900A31743 /* DHMainSliderStoryboard.storyboard */,
			);
			name = "UI Storyboard";
			sourceTree = "<group>";
		};
		CB0B9ADE198843CC00A31743 /* Demo */ = {
			isa = PBXGroup;
			children = (
				CB0B9ADF198843ED00A31743 /* DHPrimaryImageSliderViewController.h */,
				CB0B9AE0198843ED00A31743 /* DHPrimaryImageSliderViewController.m */,
			);
			name = Demo;
			sourceTree = "<group>";
		};
		CB0B9AE21988455900A31743 /* Custom Image Slider */ = {
			isa = PBXGroup;
			children = (
				CB0B9AE31988457900A31743 /* ncImageSliderScrollView.h */,
				CB0B9AE41988457900A31743 /* ncImageSliderScrollView.m */,
			);
			name = "Custom Image Slider";
			sourceTree = "<group>";
		};
		CB0B9AE6198845B300A31743 /* Graphics */ = {
			isa = PBXGroup;
			children = (
				CB0B9AE8198845C100A31743 /* Scroll View Images */,
				CB0B9AE7198845BA00A31743 /* Sample Images */,
			);
			name = Graphics;
			sourceTree = "<group>";
		};
		CB0B9AE7198845BA00A31743 /* Sample Images */ = {
			isa = PBXGroup;
			children = (
				CB0B9AFD1988A08900A31743 /* gray_page_indicator.png */,
				CB0B9AFE1988A08900A31743 /* orange_page_indicator.png */,
				CB0B9AE9198845D700A31743 /* img_main_1.png */,
				CB0B9AEA198845D700A31743 /* img_main_2.png */,
				CB0B9AEB198845D700A31743 /* img_main_3.png */,
				CB0B9AEC198845D700A31743 /* img_main_4.png */,
				CB0B9AED198845D700A31743 /* img_main_5.png */,
				CB0B9AEE198845D700A31743 /* img_main_6.png */,
				CB0B9AEF198845D700A31743 /* img_main_7.png */,
				CB0B9AF0198845D700A31743 /* img_main_8.png */,
			);
			name = "Sample Images";
			sourceTree = "<group>";
		};
		CB0B9AE8198845C100A31743 /* Scroll View Images */ = {
			isa = PBXGroup;
			children = (
				CB0B9AF91988462800A31743 /* btn_caret_white_left_horizontal.png */,
				CB0B9AFA1988462800A31743 /* btn_caret_white_right_horizontal.png */,
				CB0B9B01198930A800A31743 /* btn_caret_white_top_vertical.png */,
				CB0B9B02198930A800A31743 /* btn_caret_white_bottom_vertical.png */,
			);
			name = "Scroll View Images";
			sourceTree = "<group>";
		};
/* End PBXGroup section */

/* Begin PBXNativeTarget section */
		CB0B9AA21988431600A31743 /* DHImageSliderView */ = {
			isa = PBXNativeTarget;
			buildConfigurationList = CB0B9AD51988431600A31743 /* Build configuration list for PBXNativeTarget "DHImageSliderView" */;
			buildPhases = (
				CB0B9A9F1988431600A31743 /* Sources */,
				CB0B9AA01988431600A31743 /* Frameworks */,
				CB0B9AA11988431600A31743 /* Resources */,
			);
			buildRules = (
			);
			dependencies = (
			);
			name = DHImageSliderView;
			productName = DHImageSliderView;
			productReference = CB0B9AA31988431600A31743 /* DHImageSliderView.app */;
			productType = "com.apple.product-type.application";
		};
		CB0B9AC31988431600A31743 /* DHImageSliderViewTests */ = {
			isa = PBXNativeTarget;
			buildConfigurationList = CB0B9AD81988431600A31743 /* Build configuration list for PBXNativeTarget "DHImageSliderViewTests" */;
			buildPhases = (
				CB0B9AC01988431600A31743 /* Sources */,
				CB0B9AC11988431600A31743 /* Frameworks */,
				CB0B9AC21988431600A31743 /* Resources */,
			);
			buildRules = (
			);
			dependencies = (
				CB0B9ACA1988431600A31743 /* PBXTargetDependency */,
			);
			name = DHImageSliderViewTests;
			productName = DHImageSliderViewTests;
			productReference = CB0B9AC41988431600A31743 /* DHImageSliderViewTests.xctest */;
			productType = "com.apple.product-type.bundle.unit-test";
		};
/* End PBXNativeTarget section */

/* Begin PBXProject section */
		CB0B9A9B1988431600A31743 /* Project object */ = {
			isa = PBXProject;
			attributes = {
				CLASSPREFIX = DH;
				LastUpgradeCheck = 0510;
				ORGANIZATIONNAME = DuetHealth;
				TargetAttributes = {
					CB0B9AC31988431600A31743 = {
						TestTargetID = CB0B9AA21988431600A31743;
					};
				};
			};
			buildConfigurationList = CB0B9A9E1988431600A31743 /* Build configuration list for PBXProject "DHImageSliderView" */;
			compatibilityVersion = "Xcode 3.2";
			developmentRegion = English;
			hasScannedForEncodings = 0;
			knownRegions = (
				en,
				Base,
			);
			mainGroup = CB0B9A9A1988431600A31743;
			productRefGroup = CB0B9AA41988431600A31743 /* Products */;
			projectDirPath = "";
			projectRoot = "";
			targets = (
				CB0B9AA21988431600A31743 /* DHImageSliderView */,
				CB0B9AC31988431600A31743 /* DHImageSliderViewTests */,
			);
		};
/* End PBXProject section */

/* Begin PBXResourcesBuildPhase section */
		CB0B9AA11988431600A31743 /* Resources */ = {
			isa = PBXResourcesBuildPhase;
			buildActionMask = 2147483647;
			files = (
				CB0B9AF3198845D700A31743 /* img_main_3.png in Resources */,
				CB0B9B001988A08900A31743 /* orange_page_indicator.png in Resources */,
				CB0B9ABF1988431600A31743 /* Images.xcassets in Resources */,
				CB0B9AFC1988462800A31743 /* btn_caret_white_right_horizontal.png in Resources */,
				CB0B9AFF1988A08900A31743 /* gray_page_indicator.png in Resources */,
				CB0B9AF2198845D700A31743 /* img_main_2.png in Resources */,
				CB0B9AB11988431600A31743 /* InfoPlist.strings in Resources */,
				CB0B9B04198930A800A31743 /* btn_caret_white_bottom_vertical.png in Resources */,
				CB0B9AF4198845D700A31743 /* img_main_4.png in Resources */,
				CB0B9AF1198845D700A31743 /* img_main_1.png in Resources */,
				CB0B9AF7198845D700A31743 /* img_main_7.png in Resources */,
				CB0B9AFB1988462800A31743 /* btn_caret_white_left_horizontal.png in Resources */,
				CB0B9B03198930A800A31743 /* btn_caret_white_top_vertical.png in Resources */,
				CB0B9AF6198845D700A31743 /* img_main_6.png in Resources */,
				CB0B9AF8198845D700A31743 /* img_main_8.png in Resources */,
				CB0B9AF5198845D700A31743 /* img_main_5.png in Resources */,
				CB0B9ADD1988435900A31743 /* DHMainSliderStoryboard.storyboard in Resources */,
			);
			runOnlyForDeploymentPostprocessing = 0;
		};
		CB0B9AC21988431600A31743 /* Resources */ = {
			isa = PBXResourcesBuildPhase;
			buildActionMask = 2147483647;
			files = (
				CB0B9AD01988431600A31743 /* InfoPlist.strings in Resources */,
			);
			runOnlyForDeploymentPostprocessing = 0;
		};
/* End PBXResourcesBuildPhase section */

/* Begin PBXSourcesBuildPhase section */
		CB0B9A9F1988431600A31743 /* Sources */ = {
			isa = PBXSourcesBuildPhase;
			buildActionMask = 2147483647;
			files = (
				CB0B9AE1198843ED00A31743 /* DHPrimaryImageSliderViewController.m in Sources */,
				CB0B9AE51988457900A31743 /* ncImageSliderScrollView.m in Sources */,
				CB0B9AB71988431600A31743 /* DHAppDelegate.m in Sources */,
				CB0B9AB31988431600A31743 /* main.m in Sources */,
			);
			runOnlyForDeploymentPostprocessing = 0;
		};
		CB0B9AC01988431600A31743 /* Sources */ = {
			isa = PBXSourcesBuildPhase;
			buildActionMask = 2147483647;
			files = (
				CB0B9AD21988431600A31743 /* DHImageSliderViewTests.m in Sources */,
			);
			runOnlyForDeploymentPostprocessing = 0;
		};
/* End PBXSourcesBuildPhase section */

/* Begin PBXTargetDependency section */
		CB0B9ACA1988431600A31743 /* PBXTargetDependency */ = {
			isa = PBXTargetDependency;
			target = CB0B9AA21988431600A31743 /* DHImageSliderView */;
			targetProxy = CB0B9AC91988431600A31743 /* PBXContainerItemProxy */;
		};
/* End PBXTargetDependency section */

/* Begin PBXVariantGroup section */
		CB0B9AAF1988431600A31743 /* InfoPlist.strings */ = {
			isa = PBXVariantGroup;
			children = (
				CB0B9AB01988431600A31743 /* en */,
			);
			name = InfoPlist.strings;
			sourceTree = "<group>";
		};
		CB0B9ACE1988431600A31743 /* InfoPlist.strings */ = {
			isa = PBXVariantGroup;
			children = (
				CB0B9ACF1988431600A31743 /* en */,
			);
			name = InfoPlist.strings;
			sourceTree = "<group>";
		};
/* End PBXVariantGroup section */

/* Begin XCBuildConfiguration section */
		CB0B9AD31988431600A31743 /* Debug */ = {
			isa = XCBuildConfiguration;
			buildSettings = {
				ALWAYS_SEARCH_USER_PATHS = NO;
				CLANG_CXX_LANGUAGE_STANDARD = "gnu++0x";
				CLANG_CXX_LIBRARY = "libc++";
				CLANG_ENABLE_MODULES = YES;
				CLANG_ENABLE_OBJC_ARC = YES;
				CLANG_WARN_BOOL_CONVERSION = YES;
				CLANG_WARN_CONSTANT_CONVERSION = YES;
				CLANG_WARN_DIRECT_OBJC_ISA_USAGE = YES_ERROR;
				CLANG_WARN_EMPTY_BODY = YES;
				CLANG_WARN_ENUM_CONVERSION = YES;
				CLANG_WARN_INT_CONVERSION = YES;
				CLANG_WARN_OBJC_ROOT_CLASS = YES_ERROR;
				CLANG_WARN__DUPLICATE_METHOD_MATCH = YES;
				"CODE_SIGN_IDENTITY[sdk=iphoneos*]" = "iPhone Developer";
				COPY_PHASE_STRIP = NO;
				GCC_C_LANGUAGE_STANDARD = gnu99;
				GCC_DYNAMIC_NO_PIC = NO;
				GCC_OPTIMIZATION_LEVEL = 0;
				GCC_PREPROCESSOR_DEFINITIONS = (
					"DEBUG=1",
					"$(inherited)",
				);
				GCC_SYMBOLS_PRIVATE_EXTERN = NO;
				GCC_WARN_64_TO_32_BIT_CONVERSION = YES;
				GCC_WARN_ABOUT_RETURN_TYPE = YES_ERROR;
				GCC_WARN_UNDECLARED_SELECTOR = YES;
				GCC_WARN_UNINITIALIZED_AUTOS = YES_AGGRESSIVE;
				GCC_WARN_UNUSED_FUNCTION = YES;
				GCC_WARN_UNUSED_VARIABLE = YES;
				IPHONEOS_DEPLOYMENT_TARGET = 7.1;
				ONLY_ACTIVE_ARCH = YES;
				SDKROOT = iphoneos;
				TARGETED_DEVICE_FAMILY = 2;
			};
			name = Debug;
		};
		CB0B9AD41988431600A31743 /* Release */ = {
			isa = XCBuildConfiguration;
			buildSettings = {
				ALWAYS_SEARCH_USER_PATHS = NO;
				CLANG_CXX_LANGUAGE_STANDARD = "gnu++0x";
				CLANG_CXX_LIBRARY = "libc++";
				CLANG_ENABLE_MODULES = YES;
				CLANG_ENABLE_OBJC_ARC = YES;
				CLANG_WARN_BOOL_CONVERSION = YES;
				CLANG_WARN_CONSTANT_CONVERSION = YES;
				CLANG_WARN_DIRECT_OBJC_ISA_USAGE = YES_ERROR;
				CLANG_WARN_EMPTY_BODY = YES;
				CLANG_WARN_ENUM_CONVERSION = YES;
				CLANG_WARN_INT_CONVERSION = YES;
				CLANG_WARN_OBJC_ROOT_CLASS = YES_ERROR;
				CLANG_WARN__DUPLICATE_METHOD_MATCH = YES;
				"CODE_SIGN_IDENTITY[sdk=iphoneos*]" = "iPhone Developer";
				COPY_PHASE_STRIP = YES;
				ENABLE_NS_ASSERTIONS = NO;
				GCC_C_LANGUAGE_STANDARD = gnu99;
				GCC_WARN_64_TO_32_BIT_CONVERSION = YES;
				GCC_WARN_ABOUT_RETURN_TYPE = YES_ERROR;
				GCC_WARN_UNDECLARED_SELECTOR = YES;
				GCC_WARN_UNINITIALIZED_AUTOS = YES_AGGRESSIVE;
				GCC_WARN_UNUSED_FUNCTION = YES;
				GCC_WARN_UNUSED_VARIABLE = YES;
				IPHONEOS_DEPLOYMENT_TARGET = 7.1;
				SDKROOT = iphoneos;
				TARGETED_DEVICE_FAMILY = 2;
				VALIDATE_PRODUCT = YES;
			};
			name = Release;
		};
		CB0B9AD61988431600A31743 /* Debug */ = {
			isa = XCBuildConfiguration;
			buildSettings = {
				ASSETCATALOG_COMPILER_APPICON_NAME = AppIcon;
				ASSETCATALOG_COMPILER_LAUNCHIMAGE_NAME = LaunchImage;
				GCC_PRECOMPILE_PREFIX_HEADER = YES;
				GCC_PREFIX_HEADER = "DHImageSliderView/DHImageSliderView-Prefix.pch";
				INFOPLIST_FILE = "DHImageSliderView/DHImageSliderView-Info.plist";
				IPHONEOS_DEPLOYMENT_TARGET = 7.0;
				PRODUCT_NAME = "$(TARGET_NAME)";
				WRAPPER_EXTENSION = app;
			};
			name = Debug;
		};
		CB0B9AD71988431600A31743 /* Release */ = {
			isa = XCBuildConfiguration;
			buildSettings = {
				ASSETCATALOG_COMPILER_APPICON_NAME = AppIcon;
				ASSETCATALOG_COMPILER_LAUNCHIMAGE_NAME = LaunchImage;
				GCC_PRECOMPILE_PREFIX_HEADER = YES;
				GCC_PREFIX_HEADER = "DHImageSliderView/DHImageSliderView-Prefix.pch";
				INFOPLIST_FILE = "DHImageSliderView/DHImageSliderView-Info.plist";
				IPHONEOS_DEPLOYMENT_TARGET = 7.0;
				PRODUCT_NAME = "$(TARGET_NAME)";
				WRAPPER_EXTENSION = app;
			};
			name = Release;
		};
		CB0B9AD91988431600A31743 /* Debug */ = {
			isa = XCBuildConfiguration;
			buildSettings = {
				BUNDLE_LOADER = "$(BUILT_PRODUCTS_DIR)/DHImageSliderView.app/DHImageSliderView";
				FRAMEWORK_SEARCH_PATHS = (
					"$(SDKROOT)/Developer/Library/Frameworks",
					"$(inherited)",
					"$(DEVELOPER_FRAMEWORKS_DIR)",
				);
				GCC_PRECOMPILE_PREFIX_HEADER = YES;
				GCC_PREFIX_HEADER = "DHImageSliderView/DHImageSliderView-Prefix.pch";
				GCC_PREPROCESSOR_DEFINITIONS = (
					"DEBUG=1",
					"$(inherited)",
				);
				INFOPLIST_FILE = "DHImageSliderViewTests/DHImageSliderViewTests-Info.plist";
				PRODUCT_NAME = "$(TARGET_NAME)";
				TEST_HOST = "$(BUNDLE_LOADER)";
				WRAPPER_EXTENSION = xctest;
			};
			name = Debug;
		};
		CB0B9ADA1988431600A31743 /* Release */ = {
			isa = XCBuildConfiguration;
			buildSettings = {
				BUNDLE_LOADER = "$(BUILT_PRODUCTS_DIR)/DHImageSliderView.app/DHImageSliderView";
				FRAMEWORK_SEARCH_PATHS = (
					"$(SDKROOT)/Developer/Library/Frameworks",
					"$(inherited)",
					"$(DEVELOPER_FRAMEWORKS_DIR)",
				);
				GCC_PRECOMPILE_PREFIX_HEADER = YES;
				GCC_PREFIX_HEADER = "DHImageSliderView/DHImageSliderView-Prefix.pch";
				INFOPLIST_FILE = "DHImageSliderViewTests/DHImageSliderViewTests-Info.plist";
				PRODUCT_NAME = "$(TARGET_NAME)";
				TEST_HOST = "$(BUNDLE_LOADER)";
				WRAPPER_EXTENSION = xctest;
			};
			name = Release;
		};
/* End XCBuildConfiguration section */

/* Begin XCConfigurationList section */
		CB0B9A9E1988431600A31743 /* Build configuration list for PBXProject "DHImageSliderView" */ = {
			isa = XCConfigurationList;
			buildConfigurations = (
				CB0B9AD31988431600A31743 /* Debug */,
				CB0B9AD41988431600A31743 /* Release */,
			);
			defaultConfigurationIsVisible = 0;
			defaultConfigurationName = Release;
		};
		CB0B9AD51988431600A31743 /* Build configuration list for PBXNativeTarget "DHImageSliderView" */ = {
			isa = XCConfigurationList;
			buildConfigurations = (
				CB0B9AD61988431600A31743 /* Debug */,
				CB0B9AD71988431600A31743 /* Release */,
			);
			defaultConfigurationIsVisible = 0;
		};
		CB0B9AD81988431600A31743 /* Build configuration list for PBXNativeTarget "DHImageSliderViewTests" */ = {
			isa = XCConfigurationList;
			buildConfigurations = (
				CB0B9AD91988431600A31743 /* Debug */,
				CB0B9ADA1988431600A31743 /* Release */,
			);
			defaultConfigurationIsVisible = 0;
		};
/* End XCConfigurationList section */
	};
	rootObject = CB0B9A9B1988431600A31743 /* Project object */;
}
